
Microsoft Visual Studio Solution File, Format Version 12.00
# Visual Studio Version 17
VisualStudioVersion = 17.1.32414.318
MinimumVisualStudioVersion = 10.0.40219.1
Project("{FAE04EC0-301F-11D3-BF4B-00C04F79EFBC}") = "FatihArslan", "FatihArslan\FatihArslan.csproj", "{4FAA32F1-C41A-44BB-9437-1CB05ABFD840}"
EndProject
Global
	GlobalSection(SolutionConfigurationPlatforms) = preSolution
		Debug|Any CPU = Debug|Any CPU
		Release|Any CPU = Release|Any CPU
	EndGlobalSection
	GlobalSection(ProjectConfigurationPlatforms) = postSolution
		{4FAA32F1-C41A-44BB-9437-1CB05ABFD840}.Debug|Any CPU.ActiveCfg = Debug|Any CPU
		{4FAA32F1-C41A-44BB-9437-1CB05ABFD840}.Debug|Any CPU.Build.0 = Debug|Any CPU
		{4FAA32F1-C41A-44BB-9437-1CB05ABFD840}.Release|Any CPU.ActiveCfg = Release|Any CPU
		{4FAA32F1-C41A-44BB-9437-1CB05ABFD840}.Release|Any CPU.Build.0 = Release|Any CPU
	EndGlobalSection
	GlobalSection(SolutionProperties) = preSolution
		HideSolutionNode = FALSE
	EndGlobalSection
	GlobalSection(ExtensibilityGlobals) = postSolution
		SolutionGuid = {149D1F4E-D3B4-4BB7-BCBF-B50B175E777D}
	EndGlobalSection
EndGlobal
