
Microsoft Visual Studio Solution File, Format Version 12.00
# Visual Studio Version 17
VisualStudioVersion = 17.3.32929.385
MinimumVisualStudioVersion = 10.0.40219.1
Project("{FAE04EC0-301F-11D3-BF4B-00C04F79EFBC}") = "pHeckatonSoru2", "pHeckatonSoru2\pHeckatonSoru2.csproj", "{B6058130-4A94-44BA-A694-0161A42129D7}"
EndProject
Global
	GlobalSection(SolutionConfigurationPlatforms) = preSolution
		Debug|Any CPU = Debug|Any CPU
		Release|Any CPU = Release|Any CPU
	EndGlobalSection
	GlobalSection(ProjectConfigurationPlatforms) = postSolution
		{B6058130-4A94-44BA-A694-0161A42129D7}.Debug|Any CPU.ActiveCfg = Debug|Any CPU
		{B6058130-4A94-44BA-A694-0161A42129D7}.Debug|Any CPU.Build.0 = Debug|Any CPU
		{B6058130-4A94-44BA-A694-0161A42129D7}.Release|Any CPU.ActiveCfg = Release|Any CPU
		{B6058130-4A94-44BA-A694-0161A42129D7}.Release|Any CPU.Build.0 = Release|Any CPU
	EndGlobalSection
	GlobalSection(SolutionProperties) = preSolution
		HideSolutionNode = FALSE
	EndGlobalSection
	GlobalSection(ExtensibilityGlobals) = postSolution
		SolutionGuid = {B831DC1C-004F-4360-96E9-430BFE1E85C2}
	EndGlobalSection
EndGlobal
