
Microsoft Visual Studio Solution File, Format Version 12.00
# Visual Studio Version 17
VisualStudioVersion = 17.3.32929.385
MinimumVisualStudioVersion = 10.0.40219.1
Project("{FAE04EC0-301F-11D3-BF4B-00C04F79EFBC}") = "pHeckatonSoru13", "pHeckatonSoru13\pHeckatonSoru13.csproj", "{3689AAA9-EB3E-4175-951C-99FAA068E2B8}"
EndProject
Global
	GlobalSection(SolutionConfigurationPlatforms) = preSolution
		Debug|Any CPU = Debug|Any CPU
		Release|Any CPU = Release|Any CPU
	EndGlobalSection
	GlobalSection(ProjectConfigurationPlatforms) = postSolution
		{3689AAA9-EB3E-4175-951C-99FAA068E2B8}.Debug|Any CPU.ActiveCfg = Debug|Any CPU
		{3689AAA9-EB3E-4175-951C-99FAA068E2B8}.Debug|Any CPU.Build.0 = Debug|Any CPU
		{3689AAA9-EB3E-4175-951C-99FAA068E2B8}.Release|Any CPU.ActiveCfg = Release|Any CPU
		{3689AAA9-EB3E-4175-951C-99FAA068E2B8}.Release|Any CPU.Build.0 = Release|Any CPU
	EndGlobalSection
	GlobalSection(SolutionProperties) = preSolution
		HideSolutionNode = FALSE
	EndGlobalSection
	GlobalSection(ExtensibilityGlobals) = postSolution
		SolutionGuid = {0958D9B9-61C0-4EAC-9415-C2A205DF07D6}
	EndGlobalSection
EndGlobal
