
Microsoft Visual Studio Solution File, Format Version 12.00
# Visual Studio Version 16
VisualStudioVersion = 16.0.32929.386
MinimumVisualStudioVersion = 10.0.40219.1
Project("{FAE04EC0-301F-11D3-BF4B-00C04F79EFBC}") = "Soru3", "Soru3.csproj", "{DFB254F4-FD1A-465F-A4F3-C4FAB1199681}"
EndProject
Global
	GlobalSection(SolutionConfigurationPlatforms) = preSolution
		Debug|Any CPU = Debug|Any CPU
		Release|Any CPU = Release|Any CPU
	EndGlobalSection
	GlobalSection(ProjectConfigurationPlatforms) = postSolution
		{DFB254F4-FD1A-465F-A4F3-C4FAB1199681}.Debug|Any CPU.ActiveCfg = Debug|Any CPU
		{DFB254F4-FD1A-465F-A4F3-C4FAB1199681}.Debug|Any CPU.Build.0 = Debug|Any CPU
		{DFB254F4-FD1A-465F-A4F3-C4FAB1199681}.Release|Any CPU.ActiveCfg = Release|Any CPU
		{DFB254F4-FD1A-465F-A4F3-C4FAB1199681}.Release|Any CPU.Build.0 = Release|Any CPU
	EndGlobalSection
	GlobalSection(SolutionProperties) = preSolution
		HideSolutionNode = FALSE
	EndGlobalSection
	GlobalSection(ExtensibilityGlobals) = postSolution
		SolutionGuid = {1B32559C-7C14-400E-9A52-16F5D6252D73}
	EndGlobalSection
EndGlobal
